
Microsoft Visual Studio Solution File, Format Version 12.00
# Visual Studio Version 17
VisualStudioVersion = 17.1.32210.238
MinimumVisualStudioVersion = 10.0.40219.1
Project("{9A19103F-16F7-4668-BE54-9A1E7A4F7556}") = "KabulTalk", "KabulTalk.csproj", "{BC0C7181-A8E2-4DB3-AA6F-A058566B6238}"
EndProject
Project("{FAE04EC0-301F-11D3-BF4B-00C04F79EFBC}") = "WpfLib", "..\WpfLib\WpfLib.csproj", "{DF90E944-E3B9-4FAC-8BC3-21F90F8AE5DD}"
EndProject
Global
	GlobalSection(SolutionConfigurationPlatforms) = preSolution
		Debug|Any CPU = Debug|Any CPU
		Release|Any CPU = Release|Any CPU
	EndGlobalSection
	GlobalSection(ProjectConfigurationPlatforms) = postSolution
		{BC0C7181-A8E2-4DB3-AA6F-A058566B6238}.Debug|Any CPU.ActiveCfg = Debug|Any CPU
		{BC0C7181-A8E2-4DB3-AA6F-A058566B6238}.Debug|Any CPU.Build.0 = Debug|Any CPU
		{BC0C7181-A8E2-4DB3-AA6F-A058566B6238}.Release|Any CPU.ActiveCfg = Release|Any CPU
		{BC0C7181-A8E2-4DB3-AA6F-A058566B6238}.Release|Any CPU.Build.0 = Release|Any CPU
		{DF90E944-E3B9-4FAC-8BC3-21F90F8AE5DD}.Debug|Any CPU.ActiveCfg = Debug|Any CPU
		{DF90E944-E3B9-4FAC-8BC3-21F90F8AE5DD}.Debug|Any CPU.Build.0 = Debug|Any CPU
		{DF90E944-E3B9-4FAC-8BC3-21F90F8AE5DD}.Release|Any CPU.ActiveCfg = Release|Any CPU
		{DF90E944-E3B9-4FAC-8BC3-21F90F8AE5DD}.Release|Any CPU.Build.0 = Release|Any CPU
	EndGlobalSection
	GlobalSection(SolutionProperties) = preSolution
		HideSolutionNode = FALSE
	EndGlobalSection
	GlobalSection(ExtensibilityGlobals) = postSolution
		SolutionGuid = {88751038-2365-40C5-A266-CEDB41281CD1}
	EndGlobalSection
EndGlobal
